PODS:
  - AFNetworking (3.1.0):
    - AFNetworking/NSURLSession (= 3.1.0)
    - AFNetworking/Reachability (= 3.1.0)
    - AFNetworking/Security (= 3.1.0)
    - AFNetworking/Serialization (= 3.1.0)
    - AFNetworking/UIKit (= 3.1.0)
  - AFNetworking/NSURLSession (3.1.0):
    - AFNetworking/Reachability
    - AFNetworking/Security
    - AFNetworking/Serialization
  - AFNetworking/Reachability (3.1.0)
  - AFNetworking/Security (3.1.0)
  - AFNetworking/Serialization (3.1.0)
  - AFNetworking/UIKit (3.1.0):
    - AFNetworking/NSURLSession
  - AMapFoundation (1.4.3)
  - AMapSearch (5.7.0):
    - AMapFoundation (~> 1.4)
  - IQKeyboardManager (5.0.8)
  - Masonry (1.1.0)
  - MJRefresh (3.1.14.1)
  - PYSearch (0.8.8)
  - RealReachability (1.1.9):
    - RealReachability/Connection (= 1.1.9)
    - RealReachability/Ping (= 1.1.9)
  - RealReachability/Connection (1.1.9)
  - RealReachability/Ping (1.1.9)
  - SDCycleScrollView (1.75):
    - SDWebImage (>= 4.0.0)
  - SDWebImage (4.3.3):
    - SDWebImage/Core (= 4.3.3)
  - SDWebImage/Core (4.3.3)
  - SVProgressHUD (2.2.5)
  - YYModel (1.0.4)

DEPENDENCIES:
  - AFNetworking (~> 3.1.0)
  - AMapSearch
  - IQKeyboardManager (~> 5.0.4)
  - Masonry (~> 1.1.0)
  - MJRefresh (~> 3.1.14.1)
  - PYSearch
  - RealReachability
  - SDCycleScrollView (~> 1.73)
  - SVProgressHUD (~> 2.2.2)
  - YYModel

SPEC CHECKSUMS:
  AFNetworking: 5e0e199f73d8626b11e79750991f5d173d1f8b67
  AMapFoundation: 973682cfe60b92efd73a8ef8f1144fa0fa8e1296
  AMapSearch: 314f75e9ce282b53dbf66455efa416c39f12b5b1
  IQKeyboardManager: 266cb7b1d11f94a3e71229d77f960f9a1b538e5b
  Masonry: 678fab65091a9290e40e2832a55e7ab731aad201
  MJRefresh: 238e6a37e2dba12160ee3b79f6d2a2b26abcab42
  PYSearch: aa3704f283c67667808de6df514c24df03f5f116
  RealReachability: a8c483900986a0f3305733961effbfbb00637a02
  SDCycleScrollView: 884b88f0266dd4708a0e1934975c69cb971707b1
  SDWebImage: de4d90b5bff3571eae7bd16202b1f43135409fa5
  SVProgressHUD: 1428aafac632c1f86f62aa4243ec12008d7a51d6
  YYModel: 2a7fdd96aaa4b86a824e26d0c517de8928c04b30

PODFILE CHECKSUM: e927902ea0133a9fc65dfd5a06912155fd0b290b

COCOAPODS: 1.3.1
